// !$*UTF8*$!
{
	archiveVersion = 1;
	classes = {
	};
	objectVersion = 48;
	objects = {

/* Begin PBXBuildFile section */
		6013486520048A9D00EC1FA8 /* MytabbarController.m in Sources */ = {isa = PBXBuildFile; fileRef = 6013486420048A9D00EC1FA8 /* MytabbarController.m */; };
		6013486820048AB100EC1FA8 /* MeViewController.m in Sources */ = {isa = PBXBuildFile; fileRef = 6013486720048AB100EC1FA8 /* MeViewController.m */; };
		606395C61FFB59AF00AC2243 /* AppDelegate.m in Sources */ = {isa = PBXBuildFile; fileRef = 606395C51FFB59AF00AC2243 /* AppDelegate.m */; };
		606395C91FFB59AF00AC2243 /* ViewController.m in Sources */ = {isa = PBXBuildFile; fileRef = 606395C81FFB59AF00AC2243 /* ViewController.m */; };
		606395CC1FFB59AF00AC2243 /* Main.storyboard in Resources */ = {isa = PBXBuildFile; fileRef = 606395CA1FFB59AF00AC2243 /* Main.storyboard */; };
		606395CE1FFB59AF00AC2243 /* Assets.xcassets in Resources */ = {isa = PBXBuildFile; fileRef = 606395CD1FFB59AF00AC2243 /* Assets.xcassets */; };
		606395D11FFB59AF00AC2243 /* LaunchScreen.storyboard in Resources */ = {isa = PBXBuildFile; fileRef = 606395CF1FFB59AF00AC2243 /* LaunchScreen.storyboard */; };
		606395D41FFB59AF00AC2243 /* main.m in Sources */ = {isa = PBXBuildFile; fileRef = 606395D31FFB59AF00AC2243 /* main.m */; };
		60BF7E522006FCCF00A83915 /* 1.jpg in Resources */ = {isa = PBXBuildFile; fileRef = 60BF7E512006FCCF00A83915 /* 1.jpg */; };
		60BF7E552006FFE800A83915 /* MyOneTableViewCell.m in Sources */ = {isa = PBXBuildFile; fileRef = 60BF7E542006FFE800A83915 /* MyOneTableViewCell.m */; };
		60E7208C2000C3F300173C23 /* FirstApp.xcdatamodeld in Sources */ = {isa = PBXBuildFile; fileRef = 60E7208A2000C3F300173C23 /* FirstApp.xcdatamodeld */; };
		60F060DC200A046900CB9152 /* MyTwoTableViewCell.m in Sources */ = {isa = PBXBuildFile; fileRef = 60F060DB200A046900CB9152 /* MyTwoTableViewCell.m */; };
		60F9333B200C7B52009074A6 /* PushViewController.m in Sources */ = {isa = PBXBuildFile; fileRef = 60F9333A200C7B52009074A6 /* PushViewController.m */; };
		60FD06591FFB608F0063132D /* LoginViewController.m in Sources */ = {isa = PBXBuildFile; fileRef = 60FD06581FFB608F0063132D /* LoginViewController.m */; };
		60FD065C1FFB60B30063132D /* RegisteViewController.m in Sources */ = {isa = PBXBuildFile; fileRef = 60FD065B1FFB60B30063132D /* RegisteViewController.m */; };
		F1EC72A9BCE71B3EF39F596E /* libPods-FirstApp.a in Frameworks */ = {isa = PBXBuildFile; fileRef = 3EDB7547DB4768CE75ABCB58 /* libPods-FirstApp.a */; };
/* End PBXBuildFile section */

/* Begin PBXFileReference section */
		3EDB7547DB4768CE75ABCB58 /* libPods-FirstApp.a */ = {isa = PBXFileReference; explicitFileType = archive.ar; includeInIndex = 0; path = "libPods-FirstApp.a"; sourceTree = BUILT_PRODUCTS_DIR; };
		4E932C261C7DFBB79B147A66 /* Pods-FirstApp.release.xcconfig */ = {isa = PBXFileReference; includeInIndex = 1; lastKnownFileType = text.xcconfig; name = "Pods-FirstApp.release.xcconfig"; path = "Pods/Target Support Files/Pods-FirstApp/Pods-FirstApp.release.xcconfig"; sourceTree = "<group>"; };
		6013486320048A9D00EC1FA8 /* MytabbarController.h */ = {isa = PBXFileReference; lastKnownFileType = sourcecode.c.h; path = MytabbarController.h; sourceTree = "<group>"; };
		6013486420048A9D00EC1FA8 /* MytabbarController.m */ = {isa = PBXFileReference; lastKnownFileType = sourcecode.c.objc; path = MytabbarController.m; sourceTree = "<group>"; };
		6013486620048AB100EC1FA8 /* MeViewController.h */ = {isa = PBXFileReference; lastKnownFileType = sourcecode.c.h; path = MeViewController.h; sourceTree = "<group>"; };
		6013486720048AB100EC1FA8 /* MeViewController.m */ = {isa = PBXFileReference; lastKnownFileType = sourcecode.c.objc; path = MeViewController.m; sourceTree = "<group>"; };
		606395C11FFB59AF00AC2243 /* FirstApp.app */ = {isa = PBXFileReference; explicitFileType = wrapper.application; includeInIndex = 0; path = FirstApp.app; sourceTree = BUILT_PRODUCTS_DIR; };
		606395C41FFB59AF00AC2243 /* AppDelegate.h */ = {isa = PBXFileReference; lastKnownFileType = sourcecode.c.h; path = AppDelegate.h; sourceTree = "<group>"; };
		606395C51FFB59AF00AC2243 /* AppDelegate.m */ = {isa = PBXFileReference; lastKnownFileType = sourcecode.c.objc; path = AppDelegate.m; sourceTree = "<group>"; };
		606395C71FFB59AF00AC2243 /* ViewController.h */ = {isa = PBXFileReference; lastKnownFileType = sourcecode.c.h; path = ViewController.h; sourceTree = "<group>"; };
		606395C81FFB59AF00AC2243 /* ViewController.m */ = {isa = PBXFileReference; lastKnownFileType = sourcecode.c.objc; path = ViewController.m; sourceTree = "<group>"; };
		606395CB1FFB59AF00AC2243 /* Base */ = {isa = PBXFileReference; lastKnownFileType = file.storyboard; name = Base; path = Base.lproj/Main.storyboard; sourceTree = "<group>"; };
		606395CD1FFB59AF00AC2243 /* Assets.xcassets */ = {isa = PBXFileReference; lastKnownFileType = folder.assetcatalog; path = Assets.xcassets; sourceTree = "<group>"; };
		606395D01FFB59AF00AC2243 /* Base */ = {isa = PBXFileReference; lastKnownFileType = file.storyboard; name = Base; path = Base.lproj/LaunchScreen.storyboard; sourceTree = "<group>"; };
		606395D21FFB59AF00AC2243 /* Info.plist */ = {isa = PBXFileReference; lastKnownFileType = text.plist.xml; path = Info.plist; sourceTree = "<group>"; };
		606395D31FFB59AF00AC2243 /* main.m */ = {isa = PBXFileReference; lastKnownFileType = sourcecode.c.objc; path = main.m; sourceTree = "<group>"; };
		60BF7E512006FCCF00A83915 /* 1.jpg */ = {isa = PBXFileReference; lastKnownFileType = image.jpeg; path = 1.jpg; sourceTree = "<group>"; };
		60BF7E532006FFE800A83915 /* MyOneTableViewCell.h */ = {isa = PBXFileReference; lastKnownFileType = sourcecode.c.h; path = MyOneTableViewCell.h; sourceTree = "<group>"; };
		60BF7E542006FFE800A83915 /* MyOneTableViewCell.m */ = {isa = PBXFileReference; lastKnownFileType = sourcecode.c.objc; path = MyOneTableViewCell.m; sourceTree = "<group>"; };
		60E7208B2000C3F300173C23 /* Model.xcdatamodel */ = {isa = PBXFileReference; lastKnownFileType = wrapper.xcdatamodel; path = Model.xcdatamodel; sourceTree = "<group>"; };
		60F060DA200A046900CB9152 /* MyTwoTableViewCell.h */ = {isa = PBXFileReference; lastKnownFileType = sourcecode.c.h; path = MyTwoTableViewCell.h; sourceTree = "<group>"; };
		60F060DB200A046900CB9152 /* MyTwoTableViewCell.m */ = {isa = PBXFileReference; lastKnownFileType = sourcecode.c.objc; path = MyTwoTableViewCell.m; sourceTree = "<group>"; };
		60F93339200C7B52009074A6 /* PushViewController.h */ = {isa = PBXFileReference; lastKnownFileType = sourcecode.c.h; path = PushViewController.h; sourceTree = "<group>"; };
		60F9333A200C7B52009074A6 /* PushViewController.m */ = {isa = PBXFileReference; lastKnownFileType = sourcecode.c.objc; path = PushViewController.m; sourceTree = "<group>"; };
		60FD06571FFB608F0063132D /* LoginViewController.h */ = {isa = PBXFileReference; lastKnownFileType = sourcecode.c.h; path = LoginViewController.h; sourceTree = "<group>"; };
		60FD06581FFB608F0063132D /* LoginViewController.m */ = {isa = PBXFileReference; lastKnownFileType = sourcecode.c.objc; path = LoginViewController.m; sourceTree = "<group>"; };
		60FD065A1FFB60B30063132D /* RegisteViewController.h */ = {isa = PBXFileReference; lastKnownFileType = sourcecode.c.h; path = RegisteViewController.h; sourceTree = "<group>"; };
		60FD065B1FFB60B30063132D /* RegisteViewController.m */ = {isa = PBXFileReference; lastKnownFileType = sourcecode.c.objc; path = RegisteViewController.m; sourceTree = "<group>"; };
		60FD065E1FFB610F0063132D /* PrefixHeader.pch */ = {isa = PBXFileReference; lastKnownFileType = sourcecode.c.h; path = PrefixHeader.pch; sourceTree = "<group>"; };
		DA5F424D66BA46203E27F396 /* Pods-FirstApp.debug.xcconfig */ = {isa = PBXFileReference; includeInIndex = 1; lastKnownFileType = text.xcconfig; name = "Pods-FirstApp.debug.xcconfig"; path = "Pods/Target Support Files/Pods-FirstApp/Pods-FirstApp.debug.xcconfig"; sourceTree = "<group>"; };
/* End PBXFileReference section */

/* Begin PBXFrameworksBuildPhase section */
		606395BE1FFB59AF00AC2243 /* Frameworks */ = {
			isa = PBXFrameworksBuildPhase;
			buildActionMask = 2147483647;
			files = (
				F1EC72A9BCE71B3EF39F596E /* libPods-FirstApp.a in Frameworks */,
			);
			runOnlyForDeploymentPostprocessing = 0;
		};
/* End PBXFrameworksBuildPhase section */

/* Begin PBXGroup section */
		3DE4CFBA0D49524B2B5A0B3E /* Frameworks */ = {
			isa = PBXGroup;
			children = (
				3EDB7547DB4768CE75ABCB58 /* libPods-FirstApp.a */,
			);
			name = Frameworks;
			sourceTree = "<group>";
		};
		606395B81FFB59AF00AC2243 = {
			isa = PBXGroup;
			children = (
				606395C31FFB59AF00AC2243 /* FirstApp */,
				606395C21FFB59AF00AC2243 /* Products */,
				7DA3BD5FCD29716800AED08A /* Pods */,
				3DE4CFBA0D49524B2B5A0B3E /* Frameworks */,
			);
			sourceTree = "<group>";
		};
		606395C21FFB59AF00AC2243 /* Products */ = {
			isa = PBXGroup;
			children = (
				606395C11FFB59AF00AC2243 /* FirstApp.app */,
			);
			name = Products;
			sourceTree = "<group>";
		};
		606395C31FFB59AF00AC2243 /* FirstApp */ = {
			isa = PBXGroup;
			children = (
				606395C41FFB59AF00AC2243 /* AppDelegate.h */,
				606395C51FFB59AF00AC2243 /* AppDelegate.m */,
				60FD065E1FFB610F0063132D /* PrefixHeader.pch */,
				606395C71FFB59AF00AC2243 /* ViewController.h */,
				606395C81FFB59AF00AC2243 /* ViewController.m */,
				606395CA1FFB59AF00AC2243 /* Main.storyboard */,
				606395CD1FFB59AF00AC2243 /* Assets.xcassets */,
				606395CF1FFB59AF00AC2243 /* LaunchScreen.storyboard */,
				606395D21FFB59AF00AC2243 /* Info.plist */,
				606395D31FFB59AF00AC2243 /* main.m */,
				60FD06571FFB608F0063132D /* LoginViewController.h */,
				60FD06581FFB608F0063132D /* LoginViewController.m */,
				60FD065A1FFB60B30063132D /* RegisteViewController.h */,
				60FD065B1FFB60B30063132D /* RegisteViewController.m */,
				60E7208A2000C3F300173C23 /* FirstApp.xcdatamodeld */,
				6013486320048A9D00EC1FA8 /* MytabbarController.h */,
				6013486420048A9D00EC1FA8 /* MytabbarController.m */,
				6013486620048AB100EC1FA8 /* MeViewController.h */,
				6013486720048AB100EC1FA8 /* MeViewController.m */,
				60BF7E512006FCCF00A83915 /* 1.jpg */,
				60BF7E532006FFE800A83915 /* MyOneTableViewCell.h */,
				60BF7E542006FFE800A83915 /* MyOneTableViewCell.m */,
				60F060DA200A046900CB9152 /* MyTwoTableViewCell.h */,
				60F060DB200A046900CB9152 /* MyTwoTableViewCell.m */,
				60F93339200C7B52009074A6 /* PushViewController.h */,
				60F9333A200C7B52009074A6 /* PushViewController.m */,
			);
			path = FirstApp;
			sourceTree = "<group>";
		};
		7DA3BD5FCD29716800AED08A /* Pods */ = {
			isa = PBXGroup;
			children = (
				DA5F424D66BA46203E27F396 /* Pods-FirstApp.debug.xcconfig */,
				4E932C261C7DFBB79B147A66 /* Pods-FirstApp.release.xcconfig */,
			);
			name = Pods;
			sourceTree = "<group>";
		};
/* End PBXGroup section */

/* Begin PBXNativeTarget section */
		606395C01FFB59AF00AC2243 /* FirstApp */ = {
			isa = PBXNativeTarget;
			buildConfigurationList = 606395D71FFB59AF00AC2243 /* Build configuration list for PBXNativeTarget "FirstApp" */;
			buildPhases = (
				EDABAD7335544FBFF28C3AF2 /* [CP] Check Pods Manifest.lock */,
				606395BD1FFB59AF00AC2243 /* Sources */,
				606395BE1FFB59AF00AC2243 /* Frameworks */,
				606395BF1FFB59AF00AC2243 /* Resources */,
				99A15D4E2AD810F870BD036D /* [CP] Embed Pods Frameworks */,
				D03ADDCA8DD4DFDE4AF96CCA /* [CP] Copy Pods Resources */,
			);
			buildRules = (
			);
			dependencies = (
			);
			name = FirstApp;
			productName = FirstApp;
			productReference = 606395C11FFB59AF00AC2243 /* FirstApp.app */;
			productType = "com.apple.product-type.application";
		};
/* End PBXNativeTarget section */

/* Begin PBXProject section */
		606395B91FFB59AF00AC2243 /* Project object */ = {
			isa = PBXProject;
			attributes = {
				LastUpgradeCheck = 0910;
				ORGANIZATIONNAME = hyz;
				TargetAttributes = {
					606395C01FFB59AF00AC2243 = {
						CreatedOnToolsVersion = 9.1;
						ProvisioningStyle = Automatic;
					};
				};
			};
			buildConfigurationList = 606395BC1FFB59AF00AC2243 /* Build configuration list for PBXProject "FirstApp" */;
			compatibilityVersion = "Xcode 8.0";
			developmentRegion = en;
			hasScannedForEncodings = 0;
			knownRegions = (
				en,
				Base,
			);
			mainGroup = 606395B81FFB59AF00AC2243;
			productRefGroup = 606395C21FFB59AF00AC2243 /* Products */;
			projectDirPath = "";
			projectRoot = "";
			targets = (
				606395C01FFB59AF00AC2243 /* FirstApp */,
			);
		};
/* End PBXProject section */

/* Begin PBXResourcesBuildPhase section */
		606395BF1FFB59AF00AC2243 /* Resources */ = {
			isa = PBXResourcesBuildPhase;
			buildActionMask = 2147483647;
			files = (
				606395D11FFB59AF00AC2243 /* LaunchScreen.storyboard in Resources */,
				60BF7E522006FCCF00A83915 /* 1.jpg in Resources */,
				606395CE1FFB59AF00AC2243 /* Assets.xcassets in Resources */,
				606395CC1FFB59AF00AC2243 /* Main.storyboard in Resources */,
			);
			runOnlyForDeploymentPostprocessing = 0;
		};
/* End PBXResourcesBuildPhase section */

/* Begin PBXShellScriptBuildPhase section */
		99A15D4E2AD810F870BD036D /* [CP] Embed Pods Frameworks */ = {
			isa = PBXShellScriptBuildPhase;
			buildActionMask = 2147483647;
			files = (
			);
			inputPaths = (
			);
			name = "[CP] Embed Pods Frameworks";
			outputPaths = (
			);
			runOnlyForDeploymentPostprocessing = 0;
			shellPath = /bin/sh;
			shellScript = "\"${SRCROOT}/Pods/Target Support Files/Pods-FirstApp/Pods-FirstApp-frameworks.sh\"\n";
			showEnvVarsInLog = 0;
		};
		D03ADDCA8DD4DFDE4AF96CCA /* [CP] Copy Pods Resources */ = {
			isa = PBXShellScriptBuildPhase;
			buildActionMask = 2147483647;
			files = (
			);
			inputPaths = (
				"${SRCROOT}/Pods/Target Support Files/Pods-FirstApp/Pods-FirstApp-resources.sh",
				"${PODS_ROOT}/MJRefresh/MJRefresh/MJRefresh.bundle",
			);
			name = "[CP] Copy Pods Resources";
			outputPaths = (
				"${TARGET_BUILD_DIR}/${UNLOCALIZED_RESOURCES_FOLDER_PATH}",
			);
			runOnlyForDeploymentPostprocessing = 0;
			shellPath = /bin/sh;
			shellScript = "\"${SRCROOT}/Pods/Target Support Files/Pods-FirstApp/Pods-FirstApp-resources.sh\"\n";
			showEnvVarsInLog = 0;
		};
		EDABAD7335544FBFF28C3AF2 /* [CP] Check Pods Manifest.lock */ = {
			isa = PBXShellScriptBuildPhase;
			buildActionMask = 2147483647;
			files = (
			);
			inputPaths = (
				"${PODS_PODFILE_DIR_PATH}/Podfile.lock",
				"${PODS_ROOT}/Manifest.lock",
			);
			name = "[CP] Check Pods Manifest.lock";
			outputPaths = (
				"$(DERIVED_FILE_DIR)/Pods-FirstApp-checkManifestLockResult.txt",
			);
			runOnlyForDeploymentPostprocessing = 0;
			shellPath = /bin/sh;
			shellScript = "diff \"${PODS_PODFILE_DIR_PATH}/Podfile.lock\" \"${PODS_ROOT}/Manifest.lock\" > /dev/null\nif [ $? != 0 ] ; then\n    # print error to STDERR\n    echo \"error: The sandbox is not in sync with the Podfile.lock. Run 'pod install' or update your CocoaPods installation.\" >&2\n    exit 1\nfi\n# This output is used by Xcode 'outputs' to avoid re-running this script phase.\necho \"SUCCESS\" > \"${SCRIPT_OUTPUT_FILE_0}\"\n";
			showEnvVarsInLog = 0;
		};
/* End PBXShellScriptBuildPhase section */

/* Begin PBXSourcesBuildPhase section */
		606395BD1FFB59AF00AC2243 /* Sources */ = {
			isa = PBXSourcesBuildPhase;
			buildActionMask = 2147483647;
			files = (
				60FD06591FFB608F0063132D /* LoginViewController.m in Sources */,
				60F9333B200C7B52009074A6 /* PushViewController.m in Sources */,
				6013486520048A9D00EC1FA8 /* MytabbarController.m in Sources */,
				60BF7E552006FFE800A83915 /* MyOneTableViewCell.m in Sources */,
				60FD065C1FFB60B30063132D /* RegisteViewController.m in Sources */,
				60F060DC200A046900CB9152 /* MyTwoTableViewCell.m in Sources */,
				606395C91FFB59AF00AC2243 /* ViewController.m in Sources */,
				606395D41FFB59AF00AC2243 /* main.m in Sources */,
				606395C61FFB59AF00AC2243 /* AppDelegate.m in Sources */,
				6013486820048AB100EC1FA8 /* MeViewController.m in Sources */,
				60E7208C2000C3F300173C23 /* FirstApp.xcdatamodeld in Sources */,
			);
			runOnlyForDeploymentPostprocessing = 0;
		};
/* End PBXSourcesBuildPhase section */

/* Begin PBXVariantGroup section */
		606395CA1FFB59AF00AC2243 /* Main.storyboard */ = {
			isa = PBXVariantGroup;
			children = (
				606395CB1FFB59AF00AC2243 /* Base */,
			);
			name = Main.storyboard;
			sourceTree = "<group>";
		};
		606395CF1FFB59AF00AC2243 /* LaunchScreen.storyboard */ = {
			isa = PBXVariantGroup;
			children = (
				606395D01FFB59AF00AC2243 /* Base */,
			);
			name = LaunchScreen.storyboard;
			sourceTree = "<group>";
		};
/* End PBXVariantGroup section */

/* Begin XCBuildConfiguration section */
		606395D51FFB59AF00AC2243 /* Debug */ = {
			isa = XCBuildConfiguration;
			buildSettings = {
				ALWAYS_SEARCH_USER_PATHS = NO;
				CLANG_ANALYZER_NONNULL = YES;
				CLANG_ANALYZER_NUMBER_OBJECT_CONVERSION = YES_AGGRESSIVE;
				CLANG_CXX_LANGUAGE_STANDARD = "gnu++14";
				CLANG_CXX_LIBRARY = "libc++";
				CLANG_ENABLE_MODULES = YES;
				CLANG_ENABLE_OBJC_ARC = YES;
				CLANG_WARN_BLOCK_CAPTURE_AUTORELEASING = YES;
				CLANG_WARN_BOOL_CONVERSION = YES;
				CLANG_WARN_COMMA = YES;
				CLANG_WARN_CONSTANT_CONVERSION = YES;
				CLANG_WARN_DIRECT_OBJC_ISA_USAGE = YES_ERROR;
				CLANG_WARN_DOCUMENTATION_COMMENTS = YES;
				CLANG_WARN_EMPTY_BODY = YES;
				CLANG_WARN_ENUM_CONVERSION = YES;
				CLANG_WARN_INFINITE_RECURSION = YES;
				CLANG_WARN_INT_CONVERSION = YES;
				CLANG_WARN_NON_LITERAL_NULL_CONVERSION = YES;
				CLANG_WARN_OBJC_LITERAL_CONVERSION = YES;
				CLANG_WARN_OBJC_ROOT_CLASS = YES_ERROR;
				CLANG_WARN_RANGE_LOOP_ANALYSIS = YES;
				CLANG_WARN_STRICT_PROTOTYPES = YES;
				CLANG_WARN_SUSPICIOUS_MOVE = YES;
				CLANG_WARN_UNGUARDED_AVAILABILITY = YES_AGGRESSIVE;
				CLANG_WARN_UNREACHABLE_CODE = YES;
				CLANG_WARN__DUPLICATE_METHOD_MATCH = YES;
				CODE_SIGN_IDENTITY = "iPhone Developer";
				COPY_PHASE_STRIP = NO;
				DEBUG_INFORMATION_FORMAT = dwarf;
				ENABLE_STRICT_OBJC_MSGSEND = YES;
				ENABLE_TESTABILITY = YES;
				GCC_C_LANGUAGE_STANDARD = gnu11;
				GCC_DYNAMIC_NO_PIC = NO;
				GCC_NO_COMMON_BLOCKS = YES;
				GCC_OPTIMIZATION_LEVEL = 0;
				GCC_PREPROCESSOR_DEFINITIONS = (
					"DEBUG=1",
					"$(inherited)",
				);
				GCC_WARN_64_TO_32_BIT_CONVERSION = YES;
				GCC_WARN_ABOUT_RETURN_TYPE = YES_ERROR;
				GCC_WARN_UNDECLARED_SELECTOR = YES;
				GCC_WARN_UNINITIALIZED_AUTOS = YES_AGGRESSIVE;
				GCC_WARN_UNUSED_FUNCTION = YES;
				GCC_WARN_UNUSED_VARIABLE = YES;
				IPHONEOS_DEPLOYMENT_TARGET = 11.1;
				MTL_ENABLE_DEBUG_INFO = YES;
				ONLY_ACTIVE_ARCH = YES;
				SDKROOT = iphoneos;
			};
			name = Debug;
		};
		606395D61FFB59AF00AC2243 /* Release */ = {
			isa = XCBuildConfiguration;
			buildSettings = {
				ALWAYS_SEARCH_USER_PATHS = NO;
				CLANG_ANALYZER_NONNULL = YES;
				CLANG_ANALYZER_NUMBER_OBJECT_CONVERSION = YES_AGGRESSIVE;
				CLANG_CXX_LANGUAGE_STANDARD = "gnu++14";
				CLANG_CXX_LIBRARY = "libc++";
				CLANG_ENABLE_MODULES = YES;
				CLANG_ENABLE_OBJC_ARC = YES;
				CLANG_WARN_BLOCK_CAPTURE_AUTORELEASING = YES;
				CLANG_WARN_BOOL_CONVERSION = YES;
				CLANG_WARN_COMMA = YES;
				CLANG_WARN_CONSTANT_CONVERSION = YES;
				CLANG_WARN_DIRECT_OBJC_ISA_USAGE = YES_ERROR;
				CLANG_WARN_DOCUMENTATION_COMMENTS = YES;
				CLANG_WARN_EMPTY_BODY = YES;
				CLANG_WARN_ENUM_CONVERSION = YES;
				CLANG_WARN_INFINITE_RECURSION = YES;
				CLANG_WARN_INT_CONVERSION = YES;
				CLANG_WARN_NON_LITERAL_NULL_CONVERSION = YES;
				CLANG_WARN_OBJC_LITERAL_CONVERSION = YES;
				CLANG_WARN_OBJC_ROOT_CLASS = YES_ERROR;
				CLANG_WARN_RANGE_LOOP_ANALYSIS = YES;
				CLANG_WARN_STRICT_PROTOTYPES = YES;
				CLANG_WARN_SUSPICIOUS_MOVE = YES;
				CLANG_WARN_UNGUARDED_AVAILABILITY = YES_AGGRESSIVE;
				CLANG_WARN_UNREACHABLE_CODE = YES;
				CLANG_WARN__DUPLICATE_METHOD_MATCH = YES;
				CODE_SIGN_IDENTITY = "iPhone Developer";
				COPY_PHASE_STRIP = NO;
				DEBUG_INFORMATION_FORMAT = "dwarf-with-dsym";
				ENABLE_NS_ASSERTIONS = NO;
				ENABLE_STRICT_OBJC_MSGSEND = YES;
				GCC_C_LANGUAGE_STANDARD = gnu11;
				GCC_NO_COMMON_BLOCKS = YES;
				GCC_WARN_64_TO_32_BIT_CONVERSION = YES;
				GCC_WARN_ABOUT_RETURN_TYPE = YES_ERROR;
				GCC_WARN_UNDECLARED_SELECTOR = YES;
				GCC_WARN_UNINITIALIZED_AUTOS = YES_AGGRESSIVE;
				GCC_WARN_UNUSED_FUNCTION = YES;
				GCC_WARN_UNUSED_VARIABLE = YES;
				IPHONEOS_DEPLOYMENT_TARGET = 11.1;
				MTL_ENABLE_DEBUG_INFO = NO;
				SDKROOT = iphoneos;
				VALIDATE_PRODUCT = YES;
			};
			name = Release;
		};
		606395D81FFB59AF00AC2243 /* Debug */ = {
			isa = XCBuildConfiguration;
			baseConfigurationReference = DA5F424D66BA46203E27F396 /* Pods-FirstApp.debug.xcconfig */;
			buildSettings = {
				ASSETCATALOG_COMPILER_APPICON_NAME = AppIcon;
				CODE_SIGN_STYLE = Automatic;
				DEVELOPMENT_TEAM = 97MHBYL7U4;
				GCC_PREFIX_HEADER = /Users/hyz/Desktop/FirstApp/FirstApp/PrefixHeader.pch;
				INFOPLIST_FILE = FirstApp/Info.plist;
				IPHONEOS_DEPLOYMENT_TARGET = 10.3;
				LD_RUNPATH_SEARCH_PATHS = "$(inherited) @executable_path/Frameworks";
				PRODUCT_BUNDLE_IDENTIFIER = HYZ.FirstApp;
				PRODUCT_NAME = "$(TARGET_NAME)";
				TARGETED_DEVICE_FAMILY = 1;
			};
			name = Debug;
		};
		606395D91FFB59AF00AC2243 /* Release */ = {
			isa = XCBuildConfiguration;
			baseConfigurationReference = 4E932C261C7DFBB79B147A66 /* Pods-FirstApp.release.xcconfig */;
			buildSettings = {
				ASSETCATALOG_COMPILER_APPICON_NAME = AppIcon;
				CODE_SIGN_STYLE = Automatic;
				DEVELOPMENT_TEAM = 97MHBYL7U4;
				GCC_PREFIX_HEADER = /Users/hyz/Desktop/FirstApp/FirstApp/PrefixHeader.pch;
				INFOPLIST_FILE = FirstApp/Info.plist;
				IPHONEOS_DEPLOYMENT_TARGET = 10.3;
				LD_RUNPATH_SEARCH_PATHS = "$(inherited) @executable_path/Frameworks";
				PRODUCT_BUNDLE_IDENTIFIER = HYZ.FirstApp;
				PRODUCT_NAME = "$(TARGET_NAME)";
				TARGETED_DEVICE_FAMILY = 1;
			};
			name = Release;
		};
/* End XCBuildConfiguration section */

/* Begin XCConfigurationList section */
		606395BC1FFB59AF00AC2243 /* Build configuration list for PBXProject "FirstApp" */ = {
			isa = XCConfigurationList;
			buildConfigurations = (
				606395D51FFB59AF00AC2243 /* Debug */,
				606395D61FFB59AF00AC2243 /* Release */,
			);
			defaultConfigurationIsVisible = 0;
			defaultConfigurationName = Release;
		};
		606395D71FFB59AF00AC2243 /* Build configuration list for PBXNativeTarget "FirstApp" */ = {
			isa = XCConfigurationList;
			buildConfigurations = (
				606395D81FFB59AF00AC2243 /* Debug */,
				606395D91FFB59AF00AC2243 /* Release */,
			);
			defaultConfigurationIsVisible = 0;
			defaultConfigurationName = Release;
		};
/* End XCConfigurationList section */

/* Begin XCVersionGroup section */
		60E7208A2000C3F300173C23 /* FirstApp.xcdatamodeld */ = {
			isa = XCVersionGroup;
			children = (
				60E7208B2000C3F300173C23 /* Model.xcdatamodel */,
			);
			currentVersion = 60E7208B2000C3F300173C23 /* Model.xcdatamodel */;
			name = FirstApp.xcdatamodeld;
			path = Model.xcdatamodeld;
			sourceTree = "<group>";
			versionGroupType = wrapper.xcdatamodel;
		};
/* End XCVersionGroup section */
	};
	rootObject = 606395B91FFB59AF00AC2243 /* Project object */;
}
